// !$*UTF8*$!
{
	archiveVersion = 1;
	classes = {
	};
	objectVersion = 46;
	objects = {

/* Begin PBXBuildFile section */
		CEB1F72F1EDEAE3100752696 /* AppDelegate.swift in Sources */ = {isa = PBXBuildFile; fileRef = CEB1F72E1EDEAE3100752696 /* AppDelegate.swift */; };
		CEB1F7311EDEAE3100752696 /* ViewController.swift in Sources */ = {isa = PBXBuildFile; fileRef = CEB1F7301EDEAE3100752696 /* ViewController.swift */; };
		CEB1F7341EDEAE3200752696 /* Main.storyboard in Resources */ = {isa = PBXBuildFile; fileRef = CEB1F7321EDEAE3200752696 /* Main.storyboard */; };
		CEB1F7361EDEAE3200752696 /* Assets.xcassets in Resources */ = {isa = PBXBuildFile; fileRef = CEB1F7351EDEAE3200752696 /* Assets.xcassets */; };
		CEB1F7391EDEAE3200752696 /* LaunchScreen.storyboard in Resources */ = {isa = PBXBuildFile; fileRef = CEB1F7371EDEAE3200752696 /* LaunchScreen.storyboard */; };
/* End PBXBuildFile section */

/* Begin PBXFileReference section */
		CEB1F72B1EDEAE3100752696 /* DoitServer.app */ = {isa = PBXFileReference; explicitFileType = wrapper.application; includeInIndex = 0; path = DoitServer.app; sourceTree = BUILT_PRODUCTS_DIR; };
		CEB1F72E1EDEAE3100752696 /* AppDelegate.swift */ = {isa = PBXFileReference; lastKnownFileType = sourcecode.swift; path = AppDelegate.swift; sourceTree = "<group>"; };
		CEB1F7301EDEAE3100752696 /* ViewController.swift */ = {isa = PBXFileReference; lastKnownFileType = sourcecode.swift; path = ViewController.swift; sourceTree = "<group>"; };
		CEB1F7331EDEAE3200752696 /* Base */ = {isa = PBXFileReference; lastKnownFileType = file.storyboard; name = Base; path = Base.lproj/Main.storyboard; sourceTree = "<group>"; };
		CEB1F7351EDEAE3200752696 /* Assets.xcassets */ = {isa = PBXFileReference; lastKnownFileType = folder.assetcatalog; path = Assets.xcassets; sourceTree = "<group>"; };
		CEB1F7381EDEAE3200752696 /* Base */ = {isa = PBXFileReference; lastKnownFileType = file.storyboard; name = Base; path = Base.lproj/LaunchScreen.storyboard; sourceTree = "<group>"; };
		CEB1F73A1EDEAE3200752696 /* Info.plist */ = {isa = PBXFileReference; lastKnownFileType = text.plist.xml; path = Info.plist; sourceTree = "<group>"; };
/* End PBXFileReference section */

/* Begin PBXFrameworksBuildPhase section */
		CEB1F7281EDEAE3100752696 /* Frameworks */ = {
			isa = PBXFrameworksBuildPhase;
			buildActionMask = 2147483647;
			files = (
			);
			runOnlyForDeploymentPostprocessing = 0;
		};
/* End PBXFrameworksBuildPhase section */

/* Begin PBXGroup section */
		CEB1F7221EDEAE3100752696 = {
			isa = PBXGroup;
			children = (
				CEB1F72D1EDEAE3100752696 /* DoitServer */,
				CEB1F72C1EDEAE3100752696 /* Products */,
			);
			sourceTree = "<group>";
		};
		CEB1F72C1EDEAE3100752696 /* Products */ = {
			isa = PBXGroup;
			children = (
				CEB1F72B1EDEAE3100752696 /* DoitServer.app */,
			);
			name = Products;
			sourceTree = "<group>";
		};
		CEB1F72D1EDEAE3100752696 /* DoitServer */ = {
			isa = PBXGroup;
			children = (
				CEB1F72E1EDEAE3100752696 /* AppDelegate.swift */,
				CEB1F7301EDEAE3100752696 /* ViewController.swift */,
				CEB1F7321EDEAE3200752696 /* Main.storyboard */,
				CEB1F7351EDEAE3200752696 /* Assets.xcassets */,
				CEB1F7371EDEAE3200752696 /* LaunchScreen.storyboard */,
				CEB1F73A1EDEAE3200752696 /* Info.plist */,
			);
			path = DoitServer;
			sourceTree = "<group>";
		};
/* End PBXGroup section */

/* Begin PBXNativeTarget section */
		CEB1F72A1EDEAE3100752696 /* DoitServer */ = {
			isa = PBXNativeTarget;
			buildConfigurationList = CEB1F73D1EDEAE3200752696 /* Build configuration list for PBXNativeTarget "DoitServer" */;
			buildPhases = (
				CEB1F7271EDEAE3100752696 /* Sources */,
				CEB1F7281EDEAE3100752696 /* Frameworks */,
				CEB1F7291EDEAE3100752696 /* Resources */,
			);
			buildRules = (
			);
			dependencies = (
			);
			name = DoitServer;
			productName = DoitServer;
			productReference = CEB1F72B1EDEAE3100752696 /* DoitServer.app */;
			productType = "com.apple.product-type.application";
		};
/* End PBXNativeTarget section */

/* Begin PBXProject section */
		CEB1F7231EDEAE3100752696 /* Project object */ = {
			isa = PBXProject;
			attributes = {
				LastSwiftUpdateCheck = 0820;
				LastUpgradeCheck = 0820;
				ORGANIZATIONNAME = Yerchick;
				TargetAttributes = {
					CEB1F72A1EDEAE3100752696 = {
						CreatedOnToolsVersion = 8.2.1;
						DevelopmentTeam = 436H7CD48C;
						ProvisioningStyle = Automatic;
					};
				};
			};
			buildConfigurationList = CEB1F7261EDEAE3100752696 /* Build configuration list for PBXProject "DoitServer" */;
			compatibilityVersion = "Xcode 3.2";
			developmentRegion = English;
			hasScannedForEncodings = 0;
			knownRegions = (
				en,
				Base,
			);
			mainGroup = CEB1F7221EDEAE3100752696;
			productRefGroup = CEB1F72C1EDEAE3100752696 /* Products */;
			projectDirPath = "";
			projectRoot = "";
			targets = (
				CEB1F72A1EDEAE3100752696 /* DoitServer */,
			);
		};
/* End PBXProject section */

/* Begin PBXResourcesBuildPhase section */
		CEB1F7291EDEAE3100752696 /* Resources */ = {
			isa = PBXResourcesBuildPhase;
			buildActionMask = 2147483647;
			files = (
				CEB1F7391EDEAE3200752696 /* LaunchScreen.storyboard in Resources */,
				CEB1F7361EDEAE3200752696 /* Assets.xcassets in Resources */,
				CEB1F7341EDEAE3200752696 /* Main.storyboard in Resources */,
			);
			runOnlyForDeploymentPostprocessing = 0;
		};
/* End PBXResourcesBuildPhase section */

/* Begin PBXSourcesBuildPhase section */
		CEB1F7271EDEAE3100752696 /* Sources */ = {
			isa = PBXSourcesBuildPhase;
			buildActionMask = 2147483647;
			files = (
				CEB1F7311EDEAE3100752696 /* ViewController.swift in Sources */,
				CEB1F72F1EDEAE3100752696 /* AppDelegate.swift in Sources */,
			);
			runOnlyForDeploymentPostprocessing = 0;
		};
/* End PBXSourcesBuildPhase section */

/* Begin PBXVariantGroup section */
		CEB1F7321EDEAE3200752696 /* Main.storyboard */ = {
			isa = PBXVariantGroup;
			children = (
				CEB1F7331EDEAE3200752696 /* Base */,
			);
			name = Main.storyboard;
			sourceTree = "<group>";
		};
		CEB1F7371EDEAE3200752696 /* LaunchScreen.storyboard */ = {
			isa = PBXVariantGroup;
			children = (
				CEB1F7381EDEAE3200752696 /* Base */,
			);
			name = LaunchScreen.storyboard;
			sourceTree = "<group>";
		};
/* End PBXVariantGroup section */

/* Begin XCBuildConfiguration section */
		CEB1F73B1EDEAE3200752696 /* Debug */ = {
			isa = XCBuildConfiguration;
			buildSettings = {
				ALWAYS_SEARCH_USER_PATHS = NO;
				CLANG_ANALYZER_NONNULL = YES;
				CLANG_CXX_LANGUAGE_STANDARD = "gnu++0x";
				CLANG_CXX_LIBRARY = "libc++";
				CLANG_ENABLE_MODULES = YES;
				CLANG_ENABLE_OBJC_ARC = YES;
				CLANG_WARN_BOOL_CONVERSION = YES;
				CLANG_WARN_CONSTANT_CONVERSION = YES;
				CLANG_WARN_DIRECT_OBJC_ISA_USAGE = YES_ERROR;
				CLANG_WARN_DOCUMENTATION_COMMENTS = YES;
				CLANG_WARN_EMPTY_BODY = YES;
				CLANG_WARN_ENUM_CONVERSION = YES;
				CLANG_WARN_INFINITE_RECURSION = YES;
				CLANG_WARN_INT_CONVERSION = YES;
				CLANG_WARN_OBJC_ROOT_CLASS = YES_ERROR;
				CLANG_WARN_SUSPICIOUS_MOVE = YES;
				CLANG_WARN_UNREACHABLE_CODE = YES;
				CLANG_WARN__DUPLICATE_METHOD_MATCH = YES;
				"CODE_SIGN_IDENTITY[sdk=iphoneos*]" = "iPhone Developer";
				COPY_PHASE_STRIP = NO;
				DEBUG_INFORMATION_FORMAT = dwarf;
				ENABLE_STRICT_OBJC_MSGSEND = YES;
				ENABLE_TESTABILITY = YES;
				GCC_C_LANGUAGE_STANDARD = gnu99;
				GCC_DYNAMIC_NO_PIC = NO;
				GCC_NO_COMMON_BLOCKS = YES;
				GCC_OPTIMIZATION_LEVEL = 0;
				GCC_PREPROCESSOR_DEFINITIONS = (
					"DEBUG=1",
					"$(inherited)",
				);
				GCC_WARN_64_TO_32_BIT_CONVERSION = YES;
				GCC_WARN_ABOUT_RETURN_TYPE = YES_ERROR;
				GCC_WARN_UNDECLARED_SELECTOR = YES;
				GCC_WARN_UNINITIALIZED_AUTOS = YES_AGGRESSIVE;
				GCC_WARN_UNUSED_FUNCTION = YES;
				GCC_WARN_UNUSED_VARIABLE = YES;
				IPHONEOS_DEPLOYMENT_TARGET = 10.2;
				MTL_ENABLE_DEBUG_INFO = YES;
				ONLY_ACTIVE_ARCH = YES;
				SDKROOT = iphoneos;
				SWIFT_ACTIVE_COMPILATION_CONDITIONS = DEBUG;
				SWIFT_OPTIMIZATION_LEVEL = "-Onone";
				TARGETED_DEVICE_FAMILY = "1,2";
			};
			name = Debug;
		};
		CEB1F73C1EDEAE3200752696 /* Release */ = {
			isa = XCBuildConfiguration;
			buildSettings = {
				ALWAYS_SEARCH_USER_PATHS = NO;
				CLANG_ANALYZER_NONNULL = YES;
				CLANG_CXX_LANGUAGE_STANDARD = "gnu++0x";
				CLANG_CXX_LIBRARY = "libc++";
				CLANG_ENABLE_MODULES = YES;
				CLANG_ENABLE_OBJC_ARC = YES;
				CLANG_WARN_BOOL_CONVERSION = YES;
				CLANG_WARN_CONSTANT_CONVERSION = YES;
				CLANG_WARN_DIRECT_OBJC_ISA_USAGE = YES_ERROR;
				CLANG_WARN_DOCUMENTATION_COMMENTS = YES;
				CLANG_WARN_EMPTY_BODY = YES;
				CLANG_WARN_ENUM_CONVERSION = YES;
				CLANG_WARN_INFINITE_RECURSION = YES;
				CLANG_WARN_INT_CONVERSION = YES;
				CLANG_WARN_OBJC_ROOT_CLASS = YES_ERROR;
				CLANG_WARN_SUSPICIOUS_MOVE = YES;
				CLANG_WARN_UNREACHABLE_CODE = YES;
				CLANG_WARN__DUPLICATE_METHOD_MATCH = YES;
				"CODE_SIGN_IDENTITY[sdk=iphoneos*]" = "iPhone Developer";
				COPY_PHASE_STRIP = NO;
				DEBUG_INFORMATION_FORMAT = "dwarf-with-dsym";
				ENABLE_NS_ASSERTIONS = NO;
				ENABLE_STRICT_OBJC_MSGSEND = YES;
				GCC_C_LANGUAGE_STANDARD = gnu99;
				GCC_NO_COMMON_BLOCKS = YES;
				GCC_WARN_64_TO_32_BIT_CONVERSION = YES;
				GCC_WARN_ABOUT_RETURN_TYPE = YES_ERROR;
				GCC_WARN_UNDECLARED_SELECTOR = YES;
				GCC_WARN_UNINITIALIZED_AUTOS = YES_AGGRESSIVE;
				GCC_WARN_UNUSED_FUNCTION = YES;
				GCC_WARN_UNUSED_VARIABLE = YES;
				IPHONEOS_DEPLOYMENT_TARGET = 10.2;
				MTL_ENABLE_DEBUG_INFO = NO;
				SDKROOT = iphoneos;
				SWIFT_OPTIMIZATION_LEVEL = "-Owholemodule";
				TARGETED_DEVICE_FAMILY = "1,2";
				VALIDATE_PRODUCT = YES;
			};
			name = Release;
		};
		CEB1F73E1EDEAE3200752696 /* Debug */ = {
			isa = XCBuildConfiguration;
			buildSettings = {
				ASSETCATALOG_COMPILER_APPICON_NAME = AppIcon;
				DEVELOPMENT_TEAM = 436H7CD48C;
				INFOPLIST_FILE = DoitServer/Info.plist;
				LD_RUNPATH_SEARCH_PATHS = "$(inherited) @executable_path/Frameworks";
				PRODUCT_BUNDLE_IDENTIFIER = Yerchick.DoitServer;
				PRODUCT_NAME = "$(TARGET_NAME)";
				SWIFT_VERSION = 3.0;
			};
			name = Debug;
		};
		CEB1F73F1EDEAE3200752696 /* Release */ = {
			isa = XCBuildConfiguration;
			buildSettings = {
				ASSETCATALOG_COMPILER_APPICON_NAME = AppIcon;
				DEVELOPMENT_TEAM = 436H7CD48C;
				INFOPLIST_FILE = DoitServer/Info.plist;
				LD_RUNPATH_SEARCH_PATHS = "$(inherited) @executable_path/Frameworks";
				PRODUCT_BUNDLE_IDENTIFIER = Yerchick.DoitServer;
				PRODUCT_NAME = "$(TARGET_NAME)";
				SWIFT_VERSION = 3.0;
			};
			name = Release;
		};
/* End XCBuildConfiguration section */

/* Begin XCConfigurationList section */
		CEB1F7261EDEAE3100752696 /* Build configuration list for PBXProject "DoitServer" */ = {
			isa = XCConfigurationList;
			buildConfigurations = (
				CEB1F73B1EDEAE3200752696 /* Debug */,
				CEB1F73C1EDEAE3200752696 /* Release */,
			);
			defaultConfigurationIsVisible = 0;
			defaultConfigurationName = Release;
		};
		CEB1F73D1EDEAE3200752696 /* Build configuration list for PBXNativeTarget "DoitServer" */ = {
			isa = XCConfigurationList;
			buildConfigurations = (
				CEB1F73E1EDEAE3200752696 /* Debug */,
				CEB1F73F1EDEAE3200752696 /* Release */,
			);
			defaultConfigurationIsVisible = 0;
		};
/* End XCConfigurationList section */
	};
	rootObject = CEB1F7231EDEAE3100752696 /* Project object */;
}
